
Microsoft Visual Studio Solution File, Format Version 12.00
# Visual Studio Version 16
VisualStudioVersion = 16.0.29728.190
MinimumVisualStudioVersion = 10.0.40219.1
Project("{9A19103F-16F7-4668-BE54-9A1E7A4F7556}") = "TubeStore.UI", "TubeStore.UI\TubeStore.UI.csproj", "{895D0A98-06CD-44FA-84BF-A1CE8CC3FD60}"
EndProject
Project("{FAE04EC0-301F-11D3-BF4B-00C04F79EFBC}") = "TubeStore.Domain", "TubeStore.Domain\TubeStore.Domain.csproj", "{8D223B3E-7769-469F-B9E8-C1F05DD9BBBE}"
EndProject
Project("{FAE04EC0-301F-11D3-BF4B-00C04F79EFBC}") = "TubeStore.App", "TubeStore.App\TubeStore.App.csproj", "{16DF7700-49E0-4DC7-AEA4-7B5926DD844D}"
EndProject
Project("{FAE04EC0-301F-11D3-BF4B-00C04F79EFBC}") = "TubeStore.DB", "TubeStore.DB\TubeStore.DB.csproj", "{14EA8B0A-DA76-4096-AA1D-DF4DE95C216A}"
EndProject
Global
	GlobalSection(SolutionConfigurationPlatforms) = preSolution
		Debug|Any CPU = Debug|Any CPU
		Release|Any CPU = Release|Any CPU
	EndGlobalSection
	GlobalSection(ProjectConfigurationPlatforms) = postSolution
		{895D0A98-06CD-44FA-84BF-A1CE8CC3FD60}.Debug|Any CPU.ActiveCfg = Debug|Any CPU
		{895D0A98-06CD-44FA-84BF-A1CE8CC3FD60}.Debug|Any CPU.Build.0 = Debug|Any CPU
		{895D0A98-06CD-44FA-84BF-A1CE8CC3FD60}.Release|Any CPU.ActiveCfg = Release|Any CPU
		{895D0A98-06CD-44FA-84BF-A1CE8CC3FD60}.Release|Any CPU.Build.0 = Release|Any CPU
		{8D223B3E-7769-469F-B9E8-C1F05DD9BBBE}.Debug|Any CPU.ActiveCfg = Debug|Any CPU
		{8D223B3E-7769-469F-B9E8-C1F05DD9BBBE}.Debug|Any CPU.Build.0 = Debug|Any CPU
		{8D223B3E-7769-469F-B9E8-C1F05DD9BBBE}.Release|Any CPU.ActiveCfg = Release|Any CPU
		{8D223B3E-7769-469F-B9E8-C1F05DD9BBBE}.Release|Any CPU.Build.0 = Release|Any CPU
		{16DF7700-49E0-4DC7-AEA4-7B5926DD844D}.Debug|Any CPU.ActiveCfg = Debug|Any CPU
		{16DF7700-49E0-4DC7-AEA4-7B5926DD844D}.Debug|Any CPU.Build.0 = Debug|Any CPU
		{16DF7700-49E0-4DC7-AEA4-7B5926DD844D}.Release|Any CPU.ActiveCfg = Release|Any CPU
		{16DF7700-49E0-4DC7-AEA4-7B5926DD844D}.Release|Any CPU.Build.0 = Release|Any CPU
		{14EA8B0A-DA76-4096-AA1D-DF4DE95C216A}.Debug|Any CPU.ActiveCfg = Debug|Any CPU
		{14EA8B0A-DA76-4096-AA1D-DF4DE95C216A}.Debug|Any CPU.Build.0 = Debug|Any CPU
		{14EA8B0A-DA76-4096-AA1D-DF4DE95C216A}.Release|Any CPU.ActiveCfg = Release|Any CPU
		{14EA8B0A-DA76-4096-AA1D-DF4DE95C216A}.Release|Any CPU.Build.0 = Release|Any CPU
	EndGlobalSection
	GlobalSection(SolutionProperties) = preSolution
		HideSolutionNode = FALSE
	EndGlobalSection
	GlobalSection(ExtensibilityGlobals) = postSolution
		SolutionGuid = {7F9924FD-C49C-436E-834D-E8A655C673A9}
	EndGlobalSection
EndGlobal
